
Microsoft Visual Studio Solution File, Format Version 12.00
# Visual Studio Version 16
VisualStudioVersion = 16.0.28803.202
MinimumVisualStudioVersion = 10.0.40219.1
Project("{FAE04EC0-301F-11D3-BF4B-00C04F79EFBC}") = "Fbx2Pr3", "Fbx2Pr3\Fbx2Pr3.csproj", "{90746881-9DC5-4AF6-B6D6-807F8A8E202D}"
EndProject
Global
	GlobalSection(SolutionConfigurationPlatforms) = preSolution
		Debug|Any CPU = Debug|Any CPU
		Release|Any CPU = Release|Any CPU
	EndGlobalSection
	GlobalSection(ProjectConfigurationPlatforms) = postSolution
		{90746881-9DC5-4AF6-B6D6-807F8A8E202D}.Debug|Any CPU.ActiveCfg = Debug|Any CPU
		{90746881-9DC5-4AF6-B6D6-807F8A8E202D}.Debug|Any CPU.Build.0 = Debug|Any CPU
		{90746881-9DC5-4AF6-B6D6-807F8A8E202D}.Release|Any CPU.ActiveCfg = Release|Any CPU
		{90746881-9DC5-4AF6-B6D6-807F8A8E202D}.Release|Any CPU.Build.0 = Release|Any CPU
	EndGlobalSection
	GlobalSection(SolutionProperties) = preSolution
		HideSolutionNode = FALSE
	EndGlobalSection
	GlobalSection(ExtensibilityGlobals) = postSolution
		SolutionGuid = {ADAD8C1F-C778-4326-A53D-00FCB5917E4C}
	EndGlobalSection
EndGlobal
